
Microsoft Visual Studio Solution File, Format Version 12.00
# Visual Studio 15
VisualStudioVersion = 15.0.28307.421
MinimumVisualStudioVersion = 10.0.40219.1
Project("{FAE04EC0-301F-11D3-BF4B-00C04F79EFBC}") = "com.david.secondbook.webapp", "com.david.secondbook.WebApp\com.david.secondbook.webapp.csproj", "{396FB9FD-92BD-4121-9160-3389EE1912C7}"
EndProject
Project("{FAE04EC0-301F-11D3-BF4B-00C04F79EFBC}") = "com.david.secondbook.domain", "com.david.secondbook.domain\com.david.secondbook.domain.csproj", "{0C1209C6-35F9-4452-AB5D-D32141E5230C}"
EndProject
Project("{FAE04EC0-301F-11D3-BF4B-00C04F79EFBC}") = "com.david.secondbook.test.nunit", "com.david.secondbook.test.nunit\com.david.secondbook.test.nunit.csproj", "{8EDF4429-251A-416D-BB68-93F227191BCF}"
EndProject
Global
	GlobalSection(SolutionConfigurationPlatforms) = preSolution
		Debug|Any CPU = Debug|Any CPU
		Release|Any CPU = Release|Any CPU
	EndGlobalSection
	GlobalSection(ProjectConfigurationPlatforms) = postSolution
		{396FB9FD-92BD-4121-9160-3389EE1912C7}.Debug|Any CPU.ActiveCfg = Debug|Any CPU
		{396FB9FD-92BD-4121-9160-3389EE1912C7}.Debug|Any CPU.Build.0 = Debug|Any CPU
		{396FB9FD-92BD-4121-9160-3389EE1912C7}.Release|Any CPU.ActiveCfg = Release|Any CPU
		{396FB9FD-92BD-4121-9160-3389EE1912C7}.Release|Any CPU.Build.0 = Release|Any CPU
		{0C1209C6-35F9-4452-AB5D-D32141E5230C}.Debug|Any CPU.ActiveCfg = Debug|Any CPU
		{0C1209C6-35F9-4452-AB5D-D32141E5230C}.Debug|Any CPU.Build.0 = Debug|Any CPU
		{0C1209C6-35F9-4452-AB5D-D32141E5230C}.Release|Any CPU.ActiveCfg = Release|Any CPU
		{0C1209C6-35F9-4452-AB5D-D32141E5230C}.Release|Any CPU.Build.0 = Release|Any CPU
		{8EDF4429-251A-416D-BB68-93F227191BCF}.Debug|Any CPU.ActiveCfg = Debug|Any CPU
		{8EDF4429-251A-416D-BB68-93F227191BCF}.Debug|Any CPU.Build.0 = Debug|Any CPU
		{8EDF4429-251A-416D-BB68-93F227191BCF}.Release|Any CPU.ActiveCfg = Release|Any CPU
		{8EDF4429-251A-416D-BB68-93F227191BCF}.Release|Any CPU.Build.0 = Release|Any CPU
	EndGlobalSection
	GlobalSection(SolutionProperties) = preSolution
		HideSolutionNode = FALSE
	EndGlobalSection
	GlobalSection(ExtensibilityGlobals) = postSolution
		SolutionGuid = {5E70097F-C763-4B50-9099-565E0E9DA600}
	EndGlobalSection
EndGlobal
